// !$*UTF8*$!
{
	archiveVersion = 1;
	classes = {
	};
	objectVersion = 50;
	objects = {

/* Begin PBXBuildFile section */
		184CFCD92702F8B0009B4EA9 /* AppDelegate.m in Sources */ = {isa = PBXBuildFile; fileRef = 184CFCD82702F8B0009B4EA9 /* AppDelegate.m */; };
		184CFCDC2702F8B0009B4EA9 /* ViewController.m in Sources */ = {isa = PBXBuildFile; fileRef = 184CFCDB2702F8B0009B4EA9 /* ViewController.m */; };
		184CFCDF2702F8B1009B4EA9 /* Document.m in Sources */ = {isa = PBXBuildFile; fileRef = 184CFCDE2702F8B1009B4EA9 /* Document.m */; };
		184CFCE12702F8B2009B4EA9 /* Assets.xcassets in Resources */ = {isa = PBXBuildFile; fileRef = 184CFCE02702F8B2009B4EA9 /* Assets.xcassets */; };
		184CFCE42702F8B2009B4EA9 /* Main.storyboard in Resources */ = {isa = PBXBuildFile; fileRef = 184CFCE22702F8B2009B4EA9 /* Main.storyboard */; };
		184CFCE72702F8B2009B4EA9 /* main.m in Sources */ = {isa = PBXBuildFile; fileRef = 184CFCE62702F8B2009B4EA9 /* main.m */; };
		184CFCF22702F8B2009B4EA9 /* Laboratorna_3_2Tests.m in Sources */ = {isa = PBXBuildFile; fileRef = 184CFCF12702F8B2009B4EA9 /* Laboratorna_3_2Tests.m */; };
		184CFCFD2702F8B2009B4EA9 /* Laboratorna_3_2UITests.m in Sources */ = {isa = PBXBuildFile; fileRef = 184CFCFC2702F8B2009B4EA9 /* Laboratorna_3_2UITests.m */; };
/* End PBXBuildFile section */

/* Begin PBXContainerItemProxy section */
		184CFCEE2702F8B2009B4EA9 /* PBXContainerItemProxy */ = {
			isa = PBXContainerItemProxy;
			containerPortal = 184CFCCC2702F8B0009B4EA9 /* Project object */;
			proxyType = 1;
			remoteGlobalIDString = 184CFCD32702F8B0009B4EA9;
			remoteInfo = Laboratorna_3.2;
		};
		184CFCF92702F8B2009B4EA9 /* PBXContainerItemProxy */ = {
			isa = PBXContainerItemProxy;
			containerPortal = 184CFCCC2702F8B0009B4EA9 /* Project object */;
			proxyType = 1;
			remoteGlobalIDString = 184CFCD32702F8B0009B4EA9;
			remoteInfo = Laboratorna_3.2;
		};
/* End PBXContainerItemProxy section */

/* Begin PBXFileReference section */
		184CFCD42702F8B0009B4EA9 /* Laboratorna_3.2.app */ = {isa = PBXFileReference; explicitFileType = wrapper.application; includeInIndex = 0; path = Laboratorna_3.2.app; sourceTree = BUILT_PRODUCTS_DIR; };
		184CFCD72702F8B0009B4EA9 /* AppDelegate.h */ = {isa = PBXFileReference; lastKnownFileType = sourcecode.c.h; path = AppDelegate.h; sourceTree = "<group>"; };
		184CFCD82702F8B0009B4EA9 /* AppDelegate.m */ = {isa = PBXFileReference; lastKnownFileType = sourcecode.c.objc; path = AppDelegate.m; sourceTree = "<group>"; };
		184CFCDA2702F8B0009B4EA9 /* ViewController.h */ = {isa = PBXFileReference; lastKnownFileType = sourcecode.c.h; path = ViewController.h; sourceTree = "<group>"; };
		184CFCDB2702F8B0009B4EA9 /* ViewController.m */ = {isa = PBXFileReference; lastKnownFileType = sourcecode.c.objc; path = ViewController.m; sourceTree = "<group>"; };
		184CFCDD2702F8B1009B4EA9 /* Document.h */ = {isa = PBXFileReference; lastKnownFileType = sourcecode.c.h; path = Document.h; sourceTree = "<group>"; };
		184CFCDE2702F8B1009B4EA9 /* Document.m */ = {isa = PBXFileReference; lastKnownFileType = sourcecode.c.objc; path = Document.m; sourceTree = "<group>"; };
		184CFCE02702F8B2009B4EA9 /* Assets.xcassets */ = {isa = PBXFileReference; lastKnownFileType = folder.assetcatalog; path = Assets.xcassets; sourceTree = "<group>"; };
		184CFCE32702F8B2009B4EA9 /* Base */ = {isa = PBXFileReference; lastKnownFileType = file.storyboard; name = Base; path = Base.lproj/Main.storyboard; sourceTree = "<group>"; };
		184CFCE52702F8B2009B4EA9 /* Info.plist */ = {isa = PBXFileReference; lastKnownFileType = text.plist.xml; path = Info.plist; sourceTree = "<group>"; };
		184CFCE62702F8B2009B4EA9 /* main.m */ = {isa = PBXFileReference; lastKnownFileType = sourcecode.c.objc; path = main.m; sourceTree = "<group>"; };
		184CFCE82702F8B2009B4EA9 /* Laboratorna_3_2.entitlements */ = {isa = PBXFileReference; lastKnownFileType = text.plist.entitlements; path = Laboratorna_3_2.entitlements; sourceTree = "<group>"; };
		184CFCED2702F8B2009B4EA9 /* Laboratorna_3.2Tests.xctest */ = {isa = PBXFileReference; explicitFileType = wrapper.cfbundle; includeInIndex = 0; path = Laboratorna_3.2Tests.xctest; sourceTree = BUILT_PRODUCTS_DIR; };
		184CFCF12702F8B2009B4EA9 /* Laboratorna_3_2Tests.m */ = {isa = PBXFileReference; lastKnownFileType = sourcecode.c.objc; path = Laboratorna_3_2Tests.m; sourceTree = "<group>"; };
		184CFCF32702F8B2009B4EA9 /* Info.plist */ = {isa = PBXFileReference; lastKnownFileType = text.plist.xml; path = Info.plist; sourceTree = "<group>"; };
		184CFCF82702F8B2009B4EA9 /* Laboratorna_3.2UITests.xctest */ = {isa = PBXFileReference; explicitFileType = wrapper.cfbundle; includeInIndex = 0; path = Laboratorna_3.2UITests.xctest; sourceTree = BUILT_PRODUCTS_DIR; };
		184CFCFC2702F8B2009B4EA9 /* Laboratorna_3_2UITests.m */ = {isa = PBXFileReference; lastKnownFileType = sourcecode.c.objc; path = Laboratorna_3_2UITests.m; sourceTree = "<group>"; };
		184CFCFE2702F8B2009B4EA9 /* Info.plist */ = {isa = PBXFileReference; lastKnownFileType = text.plist.xml; path = Info.plist; sourceTree = "<group>"; };
/* End PBXFileReference section */

/* Begin PBXFrameworksBuildPhase section */
		184CFCD12702F8B0009B4EA9 /* Frameworks */ = {
			isa = PBXFrameworksBuildPhase;
			buildActionMask = 2147483647;
			files = (
			);
			runOnlyForDeploymentPostprocessing = 0;
		};
		184CFCEA2702F8B2009B4EA9 /* Frameworks */ = {
			isa = PBXFrameworksBuildPhase;
			buildActionMask = 2147483647;
			files = (
			);
			runOnlyForDeploymentPostprocessing = 0;
		};
		184CFCF52702F8B2009B4EA9 /* Frameworks */ = {
			isa = PBXFrameworksBuildPhase;
			buildActionMask = 2147483647;
			files = (
			);
			runOnlyForDeploymentPostprocessing = 0;
		};
/* End PBXFrameworksBuildPhase section */

/* Begin PBXGroup section */
		184CFCCB2702F8B0009B4EA9 = {
			isa = PBXGroup;
			children = (
				184CFCD62702F8B0009B4EA9 /* Laboratorna_3.2 */,
				184CFCF02702F8B2009B4EA9 /* Laboratorna_3.2Tests */,
				184CFCFB2702F8B2009B4EA9 /* Laboratorna_3.2UITests */,
				184CFCD52702F8B0009B4EA9 /* Products */,
			);
			sourceTree = "<group>";
		};
		184CFCD52702F8B0009B4EA9 /* Products */ = {
			isa = PBXGroup;
			children = (
				184CFCD42702F8B0009B4EA9 /* Laboratorna_3.2.app */,
				184CFCED2702F8B2009B4EA9 /* Laboratorna_3.2Tests.xctest */,
				184CFCF82702F8B2009B4EA9 /* Laboratorna_3.2UITests.xctest */,
			);
			name = Products;
			sourceTree = "<group>";
		};
		184CFCD62702F8B0009B4EA9 /* Laboratorna_3.2 */ = {
			isa = PBXGroup;
			children = (
				184CFCD72702F8B0009B4EA9 /* AppDelegate.h */,
				184CFCD82702F8B0009B4EA9 /* AppDelegate.m */,
				184CFCDA2702F8B0009B4EA9 /* ViewController.h */,
				184CFCDB2702F8B0009B4EA9 /* ViewController.m */,
				184CFCDD2702F8B1009B4EA9 /* Document.h */,
				184CFCDE2702F8B1009B4EA9 /* Document.m */,
				184CFCE02702F8B2009B4EA9 /* Assets.xcassets */,
				184CFCE22702F8B2009B4EA9 /* Main.storyboard */,
				184CFCE52702F8B2009B4EA9 /* Info.plist */,
				184CFCE62702F8B2009B4EA9 /* main.m */,
				184CFCE82702F8B2009B4EA9 /* Laboratorna_3_2.entitlements */,
			);
			path = Laboratorna_3.2;
			sourceTree = "<group>";
		};
		184CFCF02702F8B2009B4EA9 /* Laboratorna_3.2Tests */ = {
			isa = PBXGroup;
			children = (
				184CFCF12702F8B2009B4EA9 /* Laboratorna_3_2Tests.m */,
				184CFCF32702F8B2009B4EA9 /* Info.plist */,
			);
			path = Laboratorna_3.2Tests;
			sourceTree = "<group>";
		};
		184CFCFB2702F8B2009B4EA9 /* Laboratorna_3.2UITests */ = {
			isa = PBXGroup;
			children = (
				184CFCFC2702F8B2009B4EA9 /* Laboratorna_3_2UITests.m */,
				184CFCFE2702F8B2009B4EA9 /* Info.plist */,
			);
			path = Laboratorna_3.2UITests;
			sourceTree = "<group>";
		};
/* End PBXGroup section */

/* Begin PBXNativeTarget section */
		184CFCD32702F8B0009B4EA9 /* Laboratorna_3.2 */ = {
			isa = PBXNativeTarget;
			buildConfigurationList = 184CFD012702F8B2009B4EA9 /* Build configuration list for PBXNativeTarget "Laboratorna_3.2" */;
			buildPhases = (
				184CFCD02702F8B0009B4EA9 /* Sources */,
				184CFCD12702F8B0009B4EA9 /* Frameworks */,
				184CFCD22702F8B0009B4EA9 /* Resources */,
			);
			buildRules = (
			);
			dependencies = (
			);
			name = Laboratorna_3.2;
			productName = Laboratorna_3.2;
			productReference = 184CFCD42702F8B0009B4EA9 /* Laboratorna_3.2.app */;
			productType = "com.apple.product-type.application";
		};
		184CFCEC2702F8B2009B4EA9 /* Laboratorna_3.2Tests */ = {
			isa = PBXNativeTarget;
			buildConfigurationList = 184CFD042702F8B2009B4EA9 /* Build configuration list for PBXNativeTarget "Laboratorna_3.2Tests" */;
			buildPhases = (
				184CFCE92702F8B2009B4EA9 /* Sources */,
				184CFCEA2702F8B2009B4EA9 /* Frameworks */,
				184CFCEB2702F8B2009B4EA9 /* Resources */,
			);
			buildRules = (
			);
			dependencies = (
				184CFCEF2702F8B2009B4EA9 /* PBXTargetDependency */,
			);
			name = Laboratorna_3.2Tests;
			productName = Laboratorna_3.2Tests;
			productReference = 184CFCED2702F8B2009B4EA9 /* Laboratorna_3.2Tests.xctest */;
			productType = "com.apple.product-type.bundle.unit-test";
		};
		184CFCF72702F8B2009B4EA9 /* Laboratorna_3.2UITests */ = {
			isa = PBXNativeTarget;
			buildConfigurationList = 184CFD072702F8B2009B4EA9 /* Build configuration list for PBXNativeTarget "Laboratorna_3.2UITests" */;
			buildPhases = (
				184CFCF42702F8B2009B4EA9 /* Sources */,
				184CFCF52702F8B2009B4EA9 /* Frameworks */,
				184CFCF62702F8B2009B4EA9 /* Resources */,
			);
			buildRules = (
			);
			dependencies = (
				184CFCFA2702F8B2009B4EA9 /* PBXTargetDependency */,
			);
			name = Laboratorna_3.2UITests;
			productName = Laboratorna_3.2UITests;
			productReference = 184CFCF82702F8B2009B4EA9 /* Laboratorna_3.2UITests.xctest */;
			productType = "com.apple.product-type.bundle.ui-testing";
		};
/* End PBXNativeTarget section */

/* Begin PBXProject section */
		184CFCCC2702F8B0009B4EA9 /* Project object */ = {
			isa = PBXProject;
			attributes = {
				LastUpgradeCheck = 1250;
				TargetAttributes = {
					184CFCD32702F8B0009B4EA9 = {
						CreatedOnToolsVersion = 12.5.1;
					};
					184CFCEC2702F8B2009B4EA9 = {
						CreatedOnToolsVersion = 12.5.1;
						TestTargetID = 184CFCD32702F8B0009B4EA9;
					};
					184CFCF72702F8B2009B4EA9 = {
						CreatedOnToolsVersion = 12.5.1;
						TestTargetID = 184CFCD32702F8B0009B4EA9;
					};
				};
			};
			buildConfigurationList = 184CFCCF2702F8B0009B4EA9 /* Build configuration list for PBXProject "Laboratorna_3.2" */;
			compatibilityVersion = "Xcode 9.3";
			developmentRegion = en;
			hasScannedForEncodings = 0;
			knownRegions = (
				en,
				Base,
			);
			mainGroup = 184CFCCB2702F8B0009B4EA9;
			productRefGroup = 184CFCD52702F8B0009B4EA9 /* Products */;
			projectDirPath = "";
			projectRoot = "";
			targets = (
				184CFCD32702F8B0009B4EA9 /* Laboratorna_3.2 */,
				184CFCEC2702F8B2009B4EA9 /* Laboratorna_3.2Tests */,
				184CFCF72702F8B2009B4EA9 /* Laboratorna_3.2UITests */,
			);
		};
/* End PBXProject section */

/* Begin PBXResourcesBuildPhase section */
		184CFCD22702F8B0009B4EA9 /* Resources */ = {
			isa = PBXResourcesBuildPhase;
			buildActionMask = 2147483647;
			files = (
				184CFCE12702F8B2009B4EA9 /* Assets.xcassets in Resources */,
				184CFCE42702F8B2009B4EA9 /* Main.storyboard in Resources */,
			);
			runOnlyForDeploymentPostprocessing = 0;
		};
		184CFCEB2702F8B2009B4EA9 /* Resources */ = {
			isa = PBXResourcesBuildPhase;
			buildActionMask = 2147483647;
			files = (
			);
			runOnlyForDeploymentPostprocessing = 0;
		};
		184CFCF62702F8B2009B4EA9 /* Resources */ = {
			isa = PBXResourcesBuildPhase;
			buildActionMask = 2147483647;
			files = (
			);
			runOnlyForDeploymentPostprocessing = 0;
		};
/* End PBXResourcesBuildPhase section */

/* Begin PBXSourcesBuildPhase section */
		184CFCD02702F8B0009B4EA9 /* Sources */ = {
			isa = PBXSourcesBuildPhase;
			buildActionMask = 2147483647;
			files = (
				184CFCDF2702F8B1009B4EA9 /* Document.m in Sources */,
				184CFCDC2702F8B0009B4EA9 /* ViewController.m in Sources */,
				184CFCE72702F8B2009B4EA9 /* main.m in Sources */,
				184CFCD92702F8B0009B4EA9 /* AppDelegate.m in Sources */,
			);
			runOnlyForDeploymentPostprocessing = 0;
		};
		184CFCE92702F8B2009B4EA9 /* Sources */ = {
			isa = PBXSourcesBuildPhase;
			buildActionMask = 2147483647;
			files = (
				184CFCF22702F8B2009B4EA9 /* Laboratorna_3_2Tests.m in Sources */,
			);
			runOnlyForDeploymentPostprocessing = 0;
		};
		184CFCF42702F8B2009B4EA9 /* Sources */ = {
			isa = PBXSourcesBuildPhase;
			buildActionMask = 2147483647;
			files = (
				184CFCFD2702F8B2009B4EA9 /* Laboratorna_3_2UITests.m in Sources */,
			);
			runOnlyForDeploymentPostprocessing = 0;
		};
/* End PBXSourcesBuildPhase section */

/* Begin PBXTargetDependency section */
		184CFCEF2702F8B2009B4EA9 /* PBXTargetDependency */ = {
			isa = PBXTargetDependency;
			target = 184CFCD32702F8B0009B4EA9 /* Laboratorna_3.2 */;
			targetProxy = 184CFCEE2702F8B2009B4EA9 /* PBXContainerItemProxy */;
		};
		184CFCFA2702F8B2009B4EA9 /* PBXTargetDependency */ = {
			isa = PBXTargetDependency;
			target = 184CFCD32702F8B0009B4EA9 /* Laboratorna_3.2 */;
			targetProxy = 184CFCF92702F8B2009B4EA9 /* PBXContainerItemProxy */;
		};
/* End PBXTargetDependency section */

/* Begin PBXVariantGroup section */
		184CFCE22702F8B2009B4EA9 /* Main.storyboard */ = {
			isa = PBXVariantGroup;
			children = (
				184CFCE32702F8B2009B4EA9 /* Base */,
			);
			name = Main.storyboard;
			sourceTree = "<group>";
		};
/* End PBXVariantGroup section */

/* Begin XCBuildConfiguration section */
		184CFCFF2702F8B2009B4EA9 /* Debug */ = {
			isa = XCBuildConfiguration;
			buildSettings = {
				ALWAYS_SEARCH_USER_PATHS = NO;
				CLANG_ANALYZER_NONNULL = YES;
				CLANG_ANALYZER_NUMBER_OBJECT_CONVERSION = YES_AGGRESSIVE;
				CLANG_CXX_LANGUAGE_STANDARD = "gnu++14";
				CLANG_CXX_LIBRARY = "libc++";
				CLANG_ENABLE_MODULES = YES;
				CLANG_ENABLE_OBJC_ARC = YES;
				CLANG_ENABLE_OBJC_WEAK = YES;
				CLANG_WARN_BLOCK_CAPTURE_AUTORELEASING = YES;
				CLANG_WARN_BOOL_CONVERSION = YES;
				CLANG_WARN_COMMA = YES;
				CLANG_WARN_CONSTANT_CONVERSION = YES;
				CLANG_WARN_DEPRECATED_OBJC_IMPLEMENTATIONS = YES;
				CLANG_WARN_DIRECT_OBJC_ISA_USAGE = YES_ERROR;
				CLANG_WARN_DOCUMENTATION_COMMENTS = YES;
				CLANG_WARN_EMPTY_BODY = YES;
				CLANG_WARN_ENUM_CONVERSION = YES;
				CLANG_WARN_INFINITE_RECURSION = YES;
				CLANG_WARN_INT_CONVERSION = YES;
				CLANG_WARN_NON_LITERAL_NULL_CONVERSION = YES;
				CLANG_WARN_OBJC_IMPLICIT_RETAIN_SELF = YES;
				CLANG_WARN_OBJC_LITERAL_CONVERSION = YES;
				CLANG_WARN_OBJC_ROOT_CLASS = YES_ERROR;
				CLANG_WARN_QUOTED_INCLUDE_IN_FRAMEWORK_HEADER = YES;
				CLANG_WARN_RANGE_LOOP_ANALYSIS = YES;
				CLANG_WARN_STRICT_PROTOTYPES = YES;
				CLANG_WARN_SUSPICIOUS_MOVE = YES;
				CLANG_WARN_UNGUARDED_AVAILABILITY = YES_AGGRESSIVE;
				CLANG_WARN_UNREACHABLE_CODE = YES;
				CLANG_WARN__DUPLICATE_METHOD_MATCH = YES;
				COPY_PHASE_STRIP = NO;
				DEBUG_INFORMATION_FORMAT = dwarf;
				ENABLE_STRICT_OBJC_MSGSEND = YES;
				ENABLE_TESTABILITY = YES;
				GCC_C_LANGUAGE_STANDARD = gnu11;
				GCC_DYNAMIC_NO_PIC = NO;
				GCC_NO_COMMON_BLOCKS = YES;
				GCC_OPTIMIZATION_LEVEL = 0;
				GCC_PREPROCESSOR_DEFINITIONS = (
					"DEBUG=1",
					"$(inherited)",
				);
				GCC_WARN_64_TO_32_BIT_CONVERSION = YES;
				GCC_WARN_ABOUT_RETURN_TYPE = YES_ERROR;
				GCC_WARN_UNDECLARED_SELECTOR = YES;
				GCC_WARN_UNINITIALIZED_AUTOS = YES_AGGRESSIVE;
				GCC_WARN_UNUSED_FUNCTION = YES;
				GCC_WARN_UNUSED_VARIABLE = YES;
				MACOSX_DEPLOYMENT_TARGET = 11.3;
				MTL_ENABLE_DEBUG_INFO = INCLUDE_SOURCE;
				MTL_FAST_MATH = YES;
				ONLY_ACTIVE_ARCH = YES;
				SDKROOT = macosx;
			};
			name = Debug;
		};
		184CFD002702F8B2009B4EA9 /* Release */ = {
			isa = XCBuildConfiguration;
			buildSettings = {
				ALWAYS_SEARCH_USER_PATHS = NO;
				CLANG_ANALYZER_NONNULL = YES;
				CLANG_ANALYZER_NUMBER_OBJECT_CONVERSION = YES_AGGRESSIVE;
				CLANG_CXX_LANGUAGE_STANDARD = "gnu++14";
				CLANG_CXX_LIBRARY = "libc++";
				CLANG_ENABLE_MODULES = YES;
				CLANG_ENABLE_OBJC_ARC = YES;
				CLANG_ENABLE_OBJC_WEAK = YES;
				CLANG_WARN_BLOCK_CAPTURE_AUTORELEASING = YES;
				CLANG_WARN_BOOL_CONVERSION = YES;
				CLANG_WARN_COMMA = YES;
				CLANG_WARN_CONSTANT_CONVERSION = YES;
				CLANG_WARN_DEPRECATED_OBJC_IMPLEMENTATIONS = YES;
				CLANG_WARN_DIRECT_OBJC_ISA_USAGE = YES_ERROR;
				CLANG_WARN_DOCUMENTATION_COMMENTS = YES;
				CLANG_WARN_EMPTY_BODY = YES;
				CLANG_WARN_ENUM_CONVERSION = YES;
				CLANG_WARN_INFINITE_RECURSION = YES;
				CLANG_WARN_INT_CONVERSION = YES;
				CLANG_WARN_NON_LITERAL_NULL_CONVERSION = YES;
				CLANG_WARN_OBJC_IMPLICIT_RETAIN_SELF = YES;
				CLANG_WARN_OBJC_LITERAL_CONVERSION = YES;
				CLANG_WARN_OBJC_ROOT_CLASS = YES_ERROR;
				CLANG_WARN_QUOTED_INCLUDE_IN_FRAMEWORK_HEADER = YES;
				CLANG_WARN_RANGE_LOOP_ANALYSIS = YES;
				CLANG_WARN_STRICT_PROTOTYPES = YES;
				CLANG_WARN_SUSPICIOUS_MOVE = YES;
				CLANG_WARN_UNGUARDED_AVAILABILITY = YES_AGGRESSIVE;
				CLANG_WARN_UNREACHABLE_CODE = YES;
				CLANG_WARN__DUPLICATE_METHOD_MATCH = YES;
				COPY_PHASE_STRIP = NO;
				DEBUG_INFORMATION_FORMAT = "dwarf-with-dsym";
				ENABLE_NS_ASSERTIONS = NO;
				ENABLE_STRICT_OBJC_MSGSEND = YES;
				GCC_C_LANGUAGE_STANDARD = gnu11;
				GCC_NO_COMMON_BLOCKS = YES;
				GCC_WARN_64_TO_32_BIT_CONVERSION = YES;
				GCC_WARN_ABOUT_RETURN_TYPE = YES_ERROR;
				GCC_WARN_UNDECLARED_SELECTOR = YES;
				GCC_WARN_UNINITIALIZED_AUTOS = YES_AGGRESSIVE;
				GCC_WARN_UNUSED_FUNCTION = YES;
				GCC_WARN_UNUSED_VARIABLE = YES;
				MACOSX_DEPLOYMENT_TARGET = 11.3;
				MTL_ENABLE_DEBUG_INFO = NO;
				MTL_FAST_MATH = YES;
				SDKROOT = macosx;
			};
			name = Release;
		};
		184CFD022702F8B2009B4EA9 /* Debug */ = {
			isa = XCBuildConfiguration;
			buildSettings = {
				ASSETCATALOG_COMPILER_APPICON_NAME = AppIcon;
				ASSETCATALOG_COMPILER_GLOBAL_ACCENT_COLOR_NAME = AccentColor;
				CODE_SIGN_ENTITLEMENTS = Laboratorna_3.2/Laboratorna_3_2.entitlements;
				CODE_SIGN_STYLE = Automatic;
				COMBINE_HIDPI_IMAGES = YES;
				INFOPLIST_FILE = Laboratorna_3.2/Info.plist;
				LD_RUNPATH_SEARCH_PATHS = (
					"$(inherited)",
					"@executable_path/../Frameworks",
				);
				PRODUCT_BUNDLE_IDENTIFIER = "-.Laboratorna-3-2";
				PRODUCT_NAME = "$(TARGET_NAME)";
			};
			name = Debug;
		};
		184CFD032702F8B2009B4EA9 /* Release */ = {
			isa = XCBuildConfiguration;
			buildSettings = {
				ASSETCATALOG_COMPILER_APPICON_NAME = AppIcon;
				ASSETCATALOG_COMPILER_GLOBAL_ACCENT_COLOR_NAME = AccentColor;
				CODE_SIGN_ENTITLEMENTS = Laboratorna_3.2/Laboratorna_3_2.entitlements;
				CODE_SIGN_STYLE = Automatic;
				COMBINE_HIDPI_IMAGES = YES;
				INFOPLIST_FILE = Laboratorna_3.2/Info.plist;
				LD_RUNPATH_SEARCH_PATHS = (
					"$(inherited)",
					"@executable_path/../Frameworks",
				);
				PRODUCT_BUNDLE_IDENTIFIER = "-.Laboratorna-3-2";
				PRODUCT_NAME = "$(TARGET_NAME)";
			};
			name = Release;
		};
		184CFD052702F8B2009B4EA9 /* Debug */ = {
			isa = XCBuildConfiguration;
			buildSettings = {
				BUNDLE_LOADER = "$(TEST_HOST)";
				CODE_SIGN_STYLE = Automatic;
				COMBINE_HIDPI_IMAGES = YES;
				INFOPLIST_FILE = Laboratorna_3.2Tests/Info.plist;
				LD_RUNPATH_SEARCH_PATHS = (
					"$(inherited)",
					"@executable_path/../Frameworks",
					"@loader_path/../Frameworks",
				);
				MACOSX_DEPLOYMENT_TARGET = 11.3;
				PRODUCT_BUNDLE_IDENTIFIER = "-.Laboratorna-3-2Tests";
				PRODUCT_NAME = "$(TARGET_NAME)";
				TEST_HOST = "$(BUILT_PRODUCTS_DIR)/Laboratorna_3.2.app/Contents/MacOS/Laboratorna_3.2";
			};
			name = Debug;
		};
		184CFD062702F8B2009B4EA9 /* Release */ = {
			isa = XCBuildConfiguration;
			buildSettings = {
				BUNDLE_LOADER = "$(TEST_HOST)";
				CODE_SIGN_STYLE = Automatic;
				COMBINE_HIDPI_IMAGES = YES;
				INFOPLIST_FILE = Laboratorna_3.2Tests/Info.plist;
				LD_RUNPATH_SEARCH_PATHS = (
					"$(inherited)",
					"@executable_path/../Frameworks",
					"@loader_path/../Frameworks",
				);
				MACOSX_DEPLOYMENT_TARGET = 11.3;
				PRODUCT_BUNDLE_IDENTIFIER = "-.Laboratorna-3-2Tests";
				PRODUCT_NAME = "$(TARGET_NAME)";
				TEST_HOST = "$(BUILT_PRODUCTS_DIR)/Laboratorna_3.2.app/Contents/MacOS/Laboratorna_3.2";
			};
			name = Release;
		};
		184CFD082702F8B2009B4EA9 /* Debug */ = {
			isa = XCBuildConfiguration;
			buildSettings = {
				CODE_SIGN_STYLE = Automatic;
				COMBINE_HIDPI_IMAGES = YES;
				INFOPLIST_FILE = Laboratorna_3.2UITests/Info.plist;
				LD_RUNPATH_SEARCH_PATHS = (
					"$(inherited)",
					"@executable_path/../Frameworks",
					"@loader_path/../Frameworks",
				);
				PRODUCT_BUNDLE_IDENTIFIER = "-.Laboratorna-3-2UITests";
				PRODUCT_NAME = "$(TARGET_NAME)";
				TEST_TARGET_NAME = Laboratorna_3.2;
			};
			name = Debug;
		};
		184CFD092702F8B2009B4EA9 /* Release */ = {
			isa = XCBuildConfiguration;
			buildSettings = {
				CODE_SIGN_STYLE = Automatic;
				COMBINE_HIDPI_IMAGES = YES;
				INFOPLIST_FILE = Laboratorna_3.2UITests/Info.plist;
				LD_RUNPATH_SEARCH_PATHS = (
					"$(inherited)",
					"@executable_path/../Frameworks",
					"@loader_path/../Frameworks",
				);
				PRODUCT_BUNDLE_IDENTIFIER = "-.Laboratorna-3-2UITests";
				PRODUCT_NAME = "$(TARGET_NAME)";
				TEST_TARGET_NAME = Laboratorna_3.2;
			};
			name = Release;
		};
/* End XCBuildConfiguration section */

/* Begin XCConfigurationList section */
		184CFCCF2702F8B0009B4EA9 /* Build configuration list for PBXProject "Laboratorna_3.2" */ = {
			isa = XCConfigurationList;
			buildConfigurations = (
				184CFCFF2702F8B2009B4EA9 /* Debug */,
				184CFD002702F8B2009B4EA9 /* Release */,
			);
			defaultConfigurationIsVisible = 0;
			defaultConfigurationName = Release;
		};
		184CFD012702F8B2009B4EA9 /* Build configuration list for PBXNativeTarget "Laboratorna_3.2" */ = {
			isa = XCConfigurationList;
			buildConfigurations = (
				184CFD022702F8B2009B4EA9 /* Debug */,
				184CFD032702F8B2009B4EA9 /* Release */,
			);
			defaultConfigurationIsVisible = 0;
			defaultConfigurationName = Release;
		};
		184CFD042702F8B2009B4EA9 /* Build configuration list for PBXNativeTarget "Laboratorna_3.2Tests" */ = {
			isa = XCConfigurationList;
			buildConfigurations = (
				184CFD052702F8B2009B4EA9 /* Debug */,
				184CFD062702F8B2009B4EA9 /* Release */,
			);
			defaultConfigurationIsVisible = 0;
			defaultConfigurationName = Release;
		};
		184CFD072702F8B2009B4EA9 /* Build configuration list for PBXNativeTarget "Laboratorna_3.2UITests" */ = {
			isa = XCConfigurationList;
			buildConfigurations = (
				184CFD082702F8B2009B4EA9 /* Debug */,
				184CFD092702F8B2009B4EA9 /* Release */,
			);
			defaultConfigurationIsVisible = 0;
			defaultConfigurationName = Release;
		};
/* End XCConfigurationList section */
	};
	rootObject = 184CFCCC2702F8B0009B4EA9 /* Project object */;
}
